PODS:
  - FDFullscreenPopGesture (1.1)
  - IJKMediaFramework (0.1.5)
  - MJRefresh (3.4.3)
  - ZFPlayer/AVPlayer (4.0.2):
    - ZFPlayer/Core
  - ZFPlayer/ControlView (4.0.2):
    - ZFPlayer/Core
  - ZFPlayer/Core (4.0.2)
  - ZFPlayer/ijkplayer (4.0.2):
    - IJKMediaFramework
    - ZFPlayer/Core

DEPENDENCIES:
  - FDFullscreenPopGesture
  - MJRefresh
  - ZFPlayer/AVPlayer (from `../`)
  - ZFPlayer/ControlView (from `../`)
  - ZFPlayer/ijkplayer (from `../`)

SPEC REPOS:
  trunk:
    - FDFullscreenPopGesture
    - IJKMediaFramework
    - MJRefresh

EXTERNAL SOURCES:
  ZFPlayer:
    :path: "../"

SPEC CHECKSUMS:
  FDFullscreenPopGesture: a8a620179e3d9c40e8e00256dcee1c1a27c6d0f0
  IJKMediaFramework: f1119f6324c96bc4654f3045a5beaa95ba0596c0
  MJRefresh: 53e3e3219f204425ee6d3e62e8733d3295944cd6
  ZFPlayer: 514a2973a7a0012272f6b0188d8f39dc6e0ada2c

PODFILE CHECKSUM: 05efaa78e7946ef57fd962bc200624a881e11fe2

COCOAPODS: 1.9.3
